// !$*UTF8*$!
{
	archiveVersion = 1;
	classes = {
	};
	objectVersion = 48;
	objects = {

/* Begin PBXBuildFile section */
		80270303BF69BE5B81BAA1AA /* Pods_flux.framework in Frameworks */ = {isa = PBXBuildFile; fileRef = BA36F93D82A25E127A8B40AA /* Pods_flux.framework */; };
		FBF4609C206049E0008B0F20 /* AppDelegate.swift in Sources */ = {isa = PBXBuildFile; fileRef = FBF4609B206049E0008B0F20 /* AppDelegate.swift */; };
		FBF4609E206049E0008B0F20 /* LaunchVC.swift in Sources */ = {isa = PBXBuildFile; fileRef = FBF4609D206049E0008B0F20 /* LaunchVC.swift */; };
		FBF460A1206049E0008B0F20 /* Main.storyboard in Resources */ = {isa = PBXBuildFile; fileRef = FBF4609F206049E0008B0F20 /* Main.storyboard */; };
		FBF460A3206049E0008B0F20 /* Assets.xcassets in Resources */ = {isa = PBXBuildFile; fileRef = FBF460A2206049E0008B0F20 /* Assets.xcassets */; };
		FBF460B020604A9E008B0F20 /* LocationService.swift in Sources */ = {isa = PBXBuildFile; fileRef = FBF460AF20604A9E008B0F20 /* LocationService.swift */; };
		FBF460B220604C9F008B0F20 /* HomeVC.swift in Sources */ = {isa = PBXBuildFile; fileRef = FBF460B120604C9F008B0F20 /* HomeVC.swift */; };
		FBF460B420604CAA008B0F20 /* SettingsVC.swift in Sources */ = {isa = PBXBuildFile; fileRef = FBF460B320604CAA008B0F20 /* SettingsVC.swift */; };
/* End PBXBuildFile section */

/* Begin PBXFileReference section */
		BA36F93D82A25E127A8B40AA /* Pods_flux.framework */ = {isa = PBXFileReference; explicitFileType = wrapper.framework; includeInIndex = 0; path = Pods_flux.framework; sourceTree = BUILT_PRODUCTS_DIR; };
		CF308368032593071FD6E0D7 /* Pods-flux.release.xcconfig */ = {isa = PBXFileReference; includeInIndex = 1; lastKnownFileType = text.xcconfig; name = "Pods-flux.release.xcconfig"; path = "Pods/Target Support Files/Pods-flux/Pods-flux.release.xcconfig"; sourceTree = "<group>"; };
		D207DB3DB1334475E49CD631 /* Pods-flux.debug.xcconfig */ = {isa = PBXFileReference; includeInIndex = 1; lastKnownFileType = text.xcconfig; name = "Pods-flux.debug.xcconfig"; path = "Pods/Target Support Files/Pods-flux/Pods-flux.debug.xcconfig"; sourceTree = "<group>"; };
		FBF46098206049E0008B0F20 /* flux.app */ = {isa = PBXFileReference; explicitFileType = wrapper.application; includeInIndex = 0; path = flux.app; sourceTree = BUILT_PRODUCTS_DIR; };
		FBF4609B206049E0008B0F20 /* AppDelegate.swift */ = {isa = PBXFileReference; lastKnownFileType = sourcecode.swift; path = AppDelegate.swift; sourceTree = "<group>"; };
		FBF4609D206049E0008B0F20 /* LaunchVC.swift */ = {isa = PBXFileReference; lastKnownFileType = sourcecode.swift; path = LaunchVC.swift; sourceTree = "<group>"; };
		FBF460A0206049E0008B0F20 /* Base */ = {isa = PBXFileReference; lastKnownFileType = file.storyboard; name = Base; path = Base.lproj/Main.storyboard; sourceTree = "<group>"; };
		FBF460A2206049E0008B0F20 /* Assets.xcassets */ = {isa = PBXFileReference; lastKnownFileType = folder.assetcatalog; path = Assets.xcassets; sourceTree = "<group>"; };
		FBF460A7206049E0008B0F20 /* Info.plist */ = {isa = PBXFileReference; lastKnownFileType = text.plist.xml; path = Info.plist; sourceTree = "<group>"; };
		FBF460AF20604A9E008B0F20 /* LocationService.swift */ = {isa = PBXFileReference; lastKnownFileType = sourcecode.swift; path = LocationService.swift; sourceTree = "<group>"; };
		FBF460B120604C9F008B0F20 /* HomeVC.swift */ = {isa = PBXFileReference; lastKnownFileType = sourcecode.swift; path = HomeVC.swift; sourceTree = "<group>"; };
		FBF460B320604CAA008B0F20 /* SettingsVC.swift */ = {isa = PBXFileReference; lastKnownFileType = sourcecode.swift; path = SettingsVC.swift; sourceTree = "<group>"; };
		FBF460B62060C788008B0F20 /* Roboto-Black.ttf */ = {isa = PBXFileReference; lastKnownFileType = file; path = "Roboto-Black.ttf"; sourceTree = "<group>"; };
		FBF460B72060C789008B0F20 /* Roboto-Bold.ttf */ = {isa = PBXFileReference; lastKnownFileType = file; path = "Roboto-Bold.ttf"; sourceTree = "<group>"; };
		FBF460B82060C789008B0F20 /* Roboto-Regular.ttf */ = {isa = PBXFileReference; lastKnownFileType = file; path = "Roboto-Regular.ttf"; sourceTree = "<group>"; };
		FBF460B92060C789008B0F20 /* RobotoCondensed-Italic.ttf */ = {isa = PBXFileReference; lastKnownFileType = file; path = "RobotoCondensed-Italic.ttf"; sourceTree = "<group>"; };
		FBF460BA2060C78A008B0F20 /* Roboto-BlackItalic.ttf */ = {isa = PBXFileReference; lastKnownFileType = file; path = "Roboto-BlackItalic.ttf"; sourceTree = "<group>"; };
		FBF460BB2060C78A008B0F20 /* RobotoCondensed-Regular.ttf */ = {isa = PBXFileReference; lastKnownFileType = file; path = "RobotoCondensed-Regular.ttf"; sourceTree = "<group>"; };
		FBF460BC2060C78A008B0F20 /* Roboto-ThinItalic.ttf */ = {isa = PBXFileReference; lastKnownFileType = file; path = "Roboto-ThinItalic.ttf"; sourceTree = "<group>"; };
		FBF460BD2060C78B008B0F20 /* RobotoCondensed-Bold.ttf */ = {isa = PBXFileReference; lastKnownFileType = file; path = "RobotoCondensed-Bold.ttf"; sourceTree = "<group>"; };
		FBF460BE2060C78B008B0F20 /* Roboto-LightItalic.ttf */ = {isa = PBXFileReference; lastKnownFileType = file; path = "Roboto-LightItalic.ttf"; sourceTree = "<group>"; };
		FBF460BF2060C78B008B0F20 /* Roboto-Italic.ttf */ = {isa = PBXFileReference; lastKnownFileType = file; path = "Roboto-Italic.ttf"; sourceTree = "<group>"; };
		FBF460C02060C78C008B0F20 /* Roboto-Thin.ttf */ = {isa = PBXFileReference; lastKnownFileType = file; path = "Roboto-Thin.ttf"; sourceTree = "<group>"; };
		FBF460C12060C78C008B0F20 /* Roboto-Medium.ttf */ = {isa = PBXFileReference; lastKnownFileType = file; path = "Roboto-Medium.ttf"; sourceTree = "<group>"; };
		FBF460C22060C78C008B0F20 /* RobotoCondensed-Light.ttf */ = {isa = PBXFileReference; lastKnownFileType = file; path = "RobotoCondensed-Light.ttf"; sourceTree = "<group>"; };
		FBF460C32060C78D008B0F20 /* Roboto-BoldItalic.ttf */ = {isa = PBXFileReference; lastKnownFileType = file; path = "Roboto-BoldItalic.ttf"; sourceTree = "<group>"; };
		FBF460C42060C78D008B0F20 /* Roboto-Light.ttf */ = {isa = PBXFileReference; lastKnownFileType = file; path = "Roboto-Light.ttf"; sourceTree = "<group>"; };
		FBF460C52060C78E008B0F20 /* RobotoCondensed-BoldItalic.ttf */ = {isa = PBXFileReference; lastKnownFileType = file; path = "RobotoCondensed-BoldItalic.ttf"; sourceTree = "<group>"; };
		FBF460C62060C78E008B0F20 /* Roboto-MediumItalic.ttf */ = {isa = PBXFileReference; lastKnownFileType = file; path = "Roboto-MediumItalic.ttf"; sourceTree = "<group>"; };
		FBF460C72060C78F008B0F20 /* RobotoCondensed-LightItalic.ttf */ = {isa = PBXFileReference; lastKnownFileType = file; path = "RobotoCondensed-LightItalic.ttf"; sourceTree = "<group>"; };
/* End PBXFileReference section */

/* Begin PBXFrameworksBuildPhase section */
		FBF46095206049E0008B0F20 /* Frameworks */ = {
			isa = PBXFrameworksBuildPhase;
			buildActionMask = 2147483647;
			files = (
				80270303BF69BE5B81BAA1AA /* Pods_flux.framework in Frameworks */,
			);
			runOnlyForDeploymentPostprocessing = 0;
		};
/* End PBXFrameworksBuildPhase section */

/* Begin PBXGroup section */
		6C880B3AD520E91ABC1C7689 /* Frameworks */ = {
			isa = PBXGroup;
			children = (
				BA36F93D82A25E127A8B40AA /* Pods_flux.framework */,
			);
			name = Frameworks;
			sourceTree = "<group>";
		};
		DFB59D1FB4D1D034D2B2C05D /* Pods */ = {
			isa = PBXGroup;
			children = (
				D207DB3DB1334475E49CD631 /* Pods-flux.debug.xcconfig */,
				CF308368032593071FD6E0D7 /* Pods-flux.release.xcconfig */,
			);
			name = Pods;
			sourceTree = "<group>";
		};
		FBF4608F206049E0008B0F20 = {
			isa = PBXGroup;
			children = (
				FBF4609A206049E0008B0F20 /* flux */,
				FBF46099206049E0008B0F20 /* Products */,
				DFB59D1FB4D1D034D2B2C05D /* Pods */,
				6C880B3AD520E91ABC1C7689 /* Frameworks */,
			);
			sourceTree = "<group>";
		};
		FBF46099206049E0008B0F20 /* Products */ = {
			isa = PBXGroup;
			children = (
				FBF46098206049E0008B0F20 /* flux.app */,
			);
			name = Products;
			sourceTree = "<group>";
		};
		FBF4609A206049E0008B0F20 /* flux */ = {
			isa = PBXGroup;
			children = (
				FBF460AE206049FB008B0F20 /* Services */,
				FBF460AD206049F4008B0F20 /* Controller */,
				FBF4609B206049E0008B0F20 /* AppDelegate.swift */,
				FBF4609F206049E0008B0F20 /* Main.storyboard */,
				FBF460A2206049E0008B0F20 /* Assets.xcassets */,
				FBF460A7206049E0008B0F20 /* Info.plist */,
				FBF460B52060C772008B0F20 /* Font */,
			);
			path = flux;
			sourceTree = "<group>";
		};
		FBF460AD206049F4008B0F20 /* Controller */ = {
			isa = PBXGroup;
			children = (
				FBF4609D206049E0008B0F20 /* LaunchVC.swift */,
				FBF460B120604C9F008B0F20 /* HomeVC.swift */,
				FBF460B320604CAA008B0F20 /* SettingsVC.swift */,
			);
			path = Controller;
			sourceTree = "<group>";
		};
		FBF460AE206049FB008B0F20 /* Services */ = {
			isa = PBXGroup;
			children = (
				FBF460AF20604A9E008B0F20 /* LocationService.swift */,
			);
			path = Services;
			sourceTree = "<group>";
		};
		FBF460B52060C772008B0F20 /* Font */ = {
			isa = PBXGroup;
			children = (
				FBF460B62060C788008B0F20 /* Roboto-Black.ttf */,
				FBF460BA2060C78A008B0F20 /* Roboto-BlackItalic.ttf */,
				FBF460B72060C789008B0F20 /* Roboto-Bold.ttf */,
				FBF460C32060C78D008B0F20 /* Roboto-BoldItalic.ttf */,
				FBF460BF2060C78B008B0F20 /* Roboto-Italic.ttf */,
				FBF460C42060C78D008B0F20 /* Roboto-Light.ttf */,
				FBF460BE2060C78B008B0F20 /* Roboto-LightItalic.ttf */,
				FBF460C12060C78C008B0F20 /* Roboto-Medium.ttf */,
				FBF460C62060C78E008B0F20 /* Roboto-MediumItalic.ttf */,
				FBF460B82060C789008B0F20 /* Roboto-Regular.ttf */,
				FBF460C02060C78C008B0F20 /* Roboto-Thin.ttf */,
				FBF460BC2060C78A008B0F20 /* Roboto-ThinItalic.ttf */,
				FBF460BD2060C78B008B0F20 /* RobotoCondensed-Bold.ttf */,
				FBF460C52060C78E008B0F20 /* RobotoCondensed-BoldItalic.ttf */,
				FBF460B92060C789008B0F20 /* RobotoCondensed-Italic.ttf */,
				FBF460C22060C78C008B0F20 /* RobotoCondensed-Light.ttf */,
				FBF460C72060C78F008B0F20 /* RobotoCondensed-LightItalic.ttf */,
				FBF460BB2060C78A008B0F20 /* RobotoCondensed-Regular.ttf */,
			);
			path = Font;
			sourceTree = "<group>";
		};
/* End PBXGroup section */

/* Begin PBXNativeTarget section */
		FBF46097206049E0008B0F20 /* flux */ = {
			isa = PBXNativeTarget;
			buildConfigurationList = FBF460AA206049E0008B0F20 /* Build configuration list for PBXNativeTarget "flux" */;
			buildPhases = (
				BD5C4F33E11624740ECFC82D /* [CP] Check Pods Manifest.lock */,
				FBF46094206049E0008B0F20 /* Sources */,
				FBF46095206049E0008B0F20 /* Frameworks */,
				FBF46096206049E0008B0F20 /* Resources */,
				6A9FD3AC67A8A2B1BCF21F1C /* [CP] Embed Pods Frameworks */,
				D0B756E0FB08C6DCA3C1F89D /* [CP] Copy Pods Resources */,
			);
			buildRules = (
			);
			dependencies = (
			);
			name = flux;
			productName = flux;
			productReference = FBF46098206049E0008B0F20 /* flux.app */;
			productType = "com.apple.product-type.application";
		};
/* End PBXNativeTarget section */

/* Begin PBXProject section */
		FBF46090206049E0008B0F20 /* Project object */ = {
			isa = PBXProject;
			attributes = {
				LastSwiftUpdateCheck = 0920;
				LastUpgradeCheck = 0920;
				ORGANIZATIONNAME = "Victor Chu";
				TargetAttributes = {
					FBF46097206049E0008B0F20 = {
						CreatedOnToolsVersion = 9.2;
						ProvisioningStyle = Automatic;
					};
				};
			};
			buildConfigurationList = FBF46093206049E0008B0F20 /* Build configuration list for PBXProject "flux" */;
			compatibilityVersion = "Xcode 8.0";
			developmentRegion = en;
			hasScannedForEncodings = 0;
			knownRegions = (
				en,
				Base,
			);
			mainGroup = FBF4608F206049E0008B0F20;
			productRefGroup = FBF46099206049E0008B0F20 /* Products */;
			projectDirPath = "";
			projectRoot = "";
			targets = (
				FBF46097206049E0008B0F20 /* flux */,
			);
		};
/* End PBXProject section */

/* Begin PBXResourcesBuildPhase section */
		FBF46096206049E0008B0F20 /* Resources */ = {
			isa = PBXResourcesBuildPhase;
			buildActionMask = 2147483647;
			files = (
				FBF460A3206049E0008B0F20 /* Assets.xcassets in Resources */,
				FBF460A1206049E0008B0F20 /* Main.storyboard in Resources */,
			);
			runOnlyForDeploymentPostprocessing = 0;
		};
/* End PBXResourcesBuildPhase section */

/* Begin PBXShellScriptBuildPhase section */
		6A9FD3AC67A8A2B1BCF21F1C /* [CP] Embed Pods Frameworks */ = {
			isa = PBXShellScriptBuildPhase;
			buildActionMask = 2147483647;
			files = (
			);
			inputPaths = (
				"${SRCROOT}/Pods/Target Support Files/Pods-flux/Pods-flux-frameworks.sh",
				"${BUILT_PRODUCTS_DIR}/Motion/Motion.framework",
			);
			name = "[CP] Embed Pods Frameworks";
			outputPaths = (
				"${TARGET_BUILD_DIR}/${FRAMEWORKS_FOLDER_PATH}/Motion.framework",
			);
			runOnlyForDeploymentPostprocessing = 0;
			shellPath = /bin/sh;
			shellScript = "\"${SRCROOT}/Pods/Target Support Files/Pods-flux/Pods-flux-frameworks.sh\"\n";
			showEnvVarsInLog = 0;
		};
		BD5C4F33E11624740ECFC82D /* [CP] Check Pods Manifest.lock */ = {
			isa = PBXShellScriptBuildPhase;
			buildActionMask = 2147483647;
			files = (
			);
			inputPaths = (
				"${PODS_PODFILE_DIR_PATH}/Podfile.lock",
				"${PODS_ROOT}/Manifest.lock",
			);
			name = "[CP] Check Pods Manifest.lock";
			outputPaths = (
				"$(DERIVED_FILE_DIR)/Pods-flux-checkManifestLockResult.txt",
			);
			runOnlyForDeploymentPostprocessing = 0;
			shellPath = /bin/sh;
			shellScript = "diff \"${PODS_PODFILE_DIR_PATH}/Podfile.lock\" \"${PODS_ROOT}/Manifest.lock\" > /dev/null\nif [ $? != 0 ] ; then\n    # print error to STDERR\n    echo \"error: The sandbox is not in sync with the Podfile.lock. Run 'pod install' or update your CocoaPods installation.\" >&2\n    exit 1\nfi\n# This output is used by Xcode 'outputs' to avoid re-running this script phase.\necho \"SUCCESS\" > \"${SCRIPT_OUTPUT_FILE_0}\"\n";
			showEnvVarsInLog = 0;
		};
		D0B756E0FB08C6DCA3C1F89D /* [CP] Copy Pods Resources */ = {
			isa = PBXShellScriptBuildPhase;
			buildActionMask = 2147483647;
			files = (
			);
			inputPaths = (
			);
			name = "[CP] Copy Pods Resources";
			outputPaths = (
			);
			runOnlyForDeploymentPostprocessing = 0;
			shellPath = /bin/sh;
			shellScript = "\"${SRCROOT}/Pods/Target Support Files/Pods-flux/Pods-flux-resources.sh\"\n";
			showEnvVarsInLog = 0;
		};
/* End PBXShellScriptBuildPhase section */

/* Begin PBXSourcesBuildPhase section */
		FBF46094206049E0008B0F20 /* Sources */ = {
			isa = PBXSourcesBuildPhase;
			buildActionMask = 2147483647;
			files = (
				FBF4609E206049E0008B0F20 /* LaunchVC.swift in Sources */,
				FBF460B220604C9F008B0F20 /* HomeVC.swift in Sources */,
				FBF460B020604A9E008B0F20 /* LocationService.swift in Sources */,
				FBF4609C206049E0008B0F20 /* AppDelegate.swift in Sources */,
				FBF460B420604CAA008B0F20 /* SettingsVC.swift in Sources */,
			);
			runOnlyForDeploymentPostprocessing = 0;
		};
/* End PBXSourcesBuildPhase section */

/* Begin PBXVariantGroup section */
		FBF4609F206049E0008B0F20 /* Main.storyboard */ = {
			isa = PBXVariantGroup;
			children = (
				FBF460A0206049E0008B0F20 /* Base */,
			);
			name = Main.storyboard;
			sourceTree = "<group>";
		};
/* End PBXVariantGroup section */

/* Begin XCBuildConfiguration section */
		FBF460A8206049E0008B0F20 /* Debug */ = {
			isa = XCBuildConfiguration;
			buildSettings = {
				ALWAYS_SEARCH_USER_PATHS = NO;
				CLANG_ANALYZER_NONNULL = YES;
				CLANG_ANALYZER_NUMBER_OBJECT_CONVERSION = YES_AGGRESSIVE;
				CLANG_CXX_LANGUAGE_STANDARD = "gnu++14";
				CLANG_CXX_LIBRARY = "libc++";
				CLANG_ENABLE_MODULES = YES;
				CLANG_ENABLE_OBJC_ARC = YES;
				CLANG_WARN_BLOCK_CAPTURE_AUTORELEASING = YES;
				CLANG_WARN_BOOL_CONVERSION = YES;
				CLANG_WARN_COMMA = YES;
				CLANG_WARN_CONSTANT_CONVERSION = YES;
				CLANG_WARN_DIRECT_OBJC_ISA_USAGE = YES_ERROR;
				CLANG_WARN_DOCUMENTATION_COMMENTS = YES;
				CLANG_WARN_EMPTY_BODY = YES;
				CLANG_WARN_ENUM_CONVERSION = YES;
				CLANG_WARN_INFINITE_RECURSION = YES;
				CLANG_WARN_INT_CONVERSION = YES;
				CLANG_WARN_NON_LITERAL_NULL_CONVERSION = YES;
				CLANG_WARN_OBJC_LITERAL_CONVERSION = YES;
				CLANG_WARN_OBJC_ROOT_CLASS = YES_ERROR;
				CLANG_WARN_RANGE_LOOP_ANALYSIS = YES;
				CLANG_WARN_STRICT_PROTOTYPES = YES;
				CLANG_WARN_SUSPICIOUS_MOVE = YES;
				CLANG_WARN_UNGUARDED_AVAILABILITY = YES_AGGRESSIVE;
				CLANG_WARN_UNREACHABLE_CODE = YES;
				CLANG_WARN__DUPLICATE_METHOD_MATCH = YES;
				CODE_SIGN_IDENTITY = "iPhone Developer";
				COPY_PHASE_STRIP = NO;
				DEBUG_INFORMATION_FORMAT = dwarf;
				ENABLE_STRICT_OBJC_MSGSEND = YES;
				ENABLE_TESTABILITY = YES;
				GCC_C_LANGUAGE_STANDARD = gnu11;
				GCC_DYNAMIC_NO_PIC = NO;
				GCC_NO_COMMON_BLOCKS = YES;
				GCC_OPTIMIZATION_LEVEL = 0;
				GCC_PREPROCESSOR_DEFINITIONS = (
					"DEBUG=1",
					"$(inherited)",
				);
				GCC_WARN_64_TO_32_BIT_CONVERSION = YES;
				GCC_WARN_ABOUT_RETURN_TYPE = YES_ERROR;
				GCC_WARN_UNDECLARED_SELECTOR = YES;
				GCC_WARN_UNINITIALIZED_AUTOS = YES_AGGRESSIVE;
				GCC_WARN_UNUSED_FUNCTION = YES;
				GCC_WARN_UNUSED_VARIABLE = YES;
				IPHONEOS_DEPLOYMENT_TARGET = 11.2;
				MTL_ENABLE_DEBUG_INFO = YES;
				ONLY_ACTIVE_ARCH = YES;
				SDKROOT = iphoneos;
				SWIFT_ACTIVE_COMPILATION_CONDITIONS = DEBUG;
				SWIFT_OPTIMIZATION_LEVEL = "-Onone";
			};
			name = Debug;
		};
		FBF460A9206049E0008B0F20 /* Release */ = {
			isa = XCBuildConfiguration;
			buildSettings = {
				ALWAYS_SEARCH_USER_PATHS = NO;
				CLANG_ANALYZER_NONNULL = YES;
				CLANG_ANALYZER_NUMBER_OBJECT_CONVERSION = YES_AGGRESSIVE;
				CLANG_CXX_LANGUAGE_STANDARD = "gnu++14";
				CLANG_CXX_LIBRARY = "libc++";
				CLANG_ENABLE_MODULES = YES;
				CLANG_ENABLE_OBJC_ARC = YES;
				CLANG_WARN_BLOCK_CAPTURE_AUTORELEASING = YES;
				CLANG_WARN_BOOL_CONVERSION = YES;
				CLANG_WARN_COMMA = YES;
				CLANG_WARN_CONSTANT_CONVERSION = YES;
				CLANG_WARN_DIRECT_OBJC_ISA_USAGE = YES_ERROR;
				CLANG_WARN_DOCUMENTATION_COMMENTS = YES;
				CLANG_WARN_EMPTY_BODY = YES;
				CLANG_WARN_ENUM_CONVERSION = YES;
				CLANG_WARN_INFINITE_RECURSION = YES;
				CLANG_WARN_INT_CONVERSION = YES;
				CLANG_WARN_NON_LITERAL_NULL_CONVERSION = YES;
				CLANG_WARN_OBJC_LITERAL_CONVERSION = YES;
				CLANG_WARN_OBJC_ROOT_CLASS = YES_ERROR;
				CLANG_WARN_RANGE_LOOP_ANALYSIS = YES;
				CLANG_WARN_STRICT_PROTOTYPES = YES;
				CLANG_WARN_SUSPICIOUS_MOVE = YES;
				CLANG_WARN_UNGUARDED_AVAILABILITY = YES_AGGRESSIVE;
				CLANG_WARN_UNREACHABLE_CODE = YES;
				CLANG_WARN__DUPLICATE_METHOD_MATCH = YES;
				CODE_SIGN_IDENTITY = "iPhone Developer";
				COPY_PHASE_STRIP = NO;
				DEBUG_INFORMATION_FORMAT = "dwarf-with-dsym";
				ENABLE_NS_ASSERTIONS = NO;
				ENABLE_STRICT_OBJC_MSGSEND = YES;
				GCC_C_LANGUAGE_STANDARD = gnu11;
				GCC_NO_COMMON_BLOCKS = YES;
				GCC_WARN_64_TO_32_BIT_CONVERSION = YES;
				GCC_WARN_ABOUT_RETURN_TYPE = YES_ERROR;
				GCC_WARN_UNDECLARED_SELECTOR = YES;
				GCC_WARN_UNINITIALIZED_AUTOS = YES_AGGRESSIVE;
				GCC_WARN_UNUSED_FUNCTION = YES;
				GCC_WARN_UNUSED_VARIABLE = YES;
				IPHONEOS_DEPLOYMENT_TARGET = 11.2;
				MTL_ENABLE_DEBUG_INFO = NO;
				SDKROOT = iphoneos;
				SWIFT_OPTIMIZATION_LEVEL = "-Owholemodule";
				VALIDATE_PRODUCT = YES;
			};
			name = Release;
		};
		FBF460AB206049E0008B0F20 /* Debug */ = {
			isa = XCBuildConfiguration;
			baseConfigurationReference = D207DB3DB1334475E49CD631 /* Pods-flux.debug.xcconfig */;
			buildSettings = {
				ASSETCATALOG_COMPILER_APPICON_NAME = AppIcon;
				CODE_SIGN_STYLE = Automatic;
				DEVELOPMENT_TEAM = BZ967DRVJD;
				INFOPLIST_FILE = flux/Info.plist;
				LD_RUNPATH_SEARCH_PATHS = "$(inherited) @executable_path/Frameworks";
				PRODUCT_BUNDLE_IDENTIFIER = com.victorchu.flux;
				PRODUCT_NAME = "$(TARGET_NAME)";
				SWIFT_VERSION = 4.0;
				TARGETED_DEVICE_FAMILY = "1,2";
			};
			name = Debug;
		};
		FBF460AC206049E0008B0F20 /* Release */ = {
			isa = XCBuildConfiguration;
			baseConfigurationReference = CF308368032593071FD6E0D7 /* Pods-flux.release.xcconfig */;
			buildSettings = {
				ASSETCATALOG_COMPILER_APPICON_NAME = AppIcon;
				CODE_SIGN_STYLE = Automatic;
				DEVELOPMENT_TEAM = BZ967DRVJD;
				INFOPLIST_FILE = flux/Info.plist;
				LD_RUNPATH_SEARCH_PATHS = "$(inherited) @executable_path/Frameworks";
				PRODUCT_BUNDLE_IDENTIFIER = com.victorchu.flux;
				PRODUCT_NAME = "$(TARGET_NAME)";
				SWIFT_VERSION = 4.0;
				TARGETED_DEVICE_FAMILY = "1,2";
			};
			name = Release;
		};
/* End XCBuildConfiguration section */

/* Begin XCConfigurationList section */
		FBF46093206049E0008B0F20 /* Build configuration list for PBXProject "flux" */ = {
			isa = XCConfigurationList;
			buildConfigurations = (
				FBF460A8206049E0008B0F20 /* Debug */,
				FBF460A9206049E0008B0F20 /* Release */,
			);
			defaultConfigurationIsVisible = 0;
			defaultConfigurationName = Release;
		};
		FBF460AA206049E0008B0F20 /* Build configuration list for PBXNativeTarget "flux" */ = {
			isa = XCConfigurationList;
			buildConfigurations = (
				FBF460AB206049E0008B0F20 /* Debug */,
				FBF460AC206049E0008B0F20 /* Release */,
			);
			defaultConfigurationIsVisible = 0;
			defaultConfigurationName = Release;
		};
/* End XCConfigurationList section */
	};
	rootObject = FBF46090206049E0008B0F20 /* Project object */;
}
